
Microsoft Visual Studio Solution File, Format Version 12.00
# Visual Studio Version 17
VisualStudioVersion = 17.1.32421.90
MinimumVisualStudioVersion = 10.0.40219.1
Project("{FAE04EC0-301F-11D3-BF4B-00C04F79EFBC}") = "classesExerciseOne", "classesExerciseOne\classesExerciseOne.csproj", "{ECD5D491-4A62-4E46-95EF-E359E2F6BC8A}"
EndProject
Global
	GlobalSection(SolutionConfigurationPlatforms) = preSolution
		Debug|Any CPU = Debug|Any CPU
		Release|Any CPU = Release|Any CPU
	EndGlobalSection
	GlobalSection(ProjectConfigurationPlatforms) = postSolution
		{ECD5D491-4A62-4E46-95EF-E359E2F6BC8A}.Debug|Any CPU.ActiveCfg = Debug|Any CPU
		{ECD5D491-4A62-4E46-95EF-E359E2F6BC8A}.Debug|Any CPU.Build.0 = Debug|Any CPU
		{ECD5D491-4A62-4E46-95EF-E359E2F6BC8A}.Release|Any CPU.ActiveCfg = Release|Any CPU
		{ECD5D491-4A62-4E46-95EF-E359E2F6BC8A}.Release|Any CPU.Build.0 = Release|Any CPU
	EndGlobalSection
	GlobalSection(SolutionProperties) = preSolution
		HideSolutionNode = FALSE
	EndGlobalSection
	GlobalSection(ExtensibilityGlobals) = postSolution
		SolutionGuid = {0E2B480A-834F-4EAC-AC18-CB30CE542239}
	EndGlobalSection
EndGlobal
